// !$*UTF8*$!
{
	archiveVersion = 1;
	classes = {
	};
	objectVersion = 56;
	objects = {

/* Begin PBXBuildFile section */
		3E70C84C5F523E7E9C5CFC20 /* Pods_OggSpeexDemo.framework in Frameworks */ = {isa = PBXBuildFile; fileRef = C7E62BADBBD33FA232649D4D /* Pods_OggSpeexDemo.framework */; };
		94CBD24E2C8FE21200748EF8 /* AppDelegate.swift in Sources */ = {isa = PBXBuildFile; fileRef = 94CBD24D2C8FE21200748EF8 /* AppDelegate.swift */; };
		94CBD2502C8FE21200748EF8 /* SceneDelegate.swift in Sources */ = {isa = PBXBuildFile; fileRef = 94CBD24F2C8FE21200748EF8 /* SceneDelegate.swift */; };
		94CBD2522C8FE21200748EF8 /* ViewController.swift in Sources */ = {isa = PBXBuildFile; fileRef = 94CBD2512C8FE21200748EF8 /* ViewController.swift */; };
		94CBD2552C8FE21200748EF8 /* Main.storyboard in Resources */ = {isa = PBXBuildFile; fileRef = 94CBD2532C8FE21200748EF8 /* Main.storyboard */; };
		94CBD2572C8FE21300748EF8 /* Assets.xcassets in Resources */ = {isa = PBXBuildFile; fileRef = 94CBD2562C8FE21300748EF8 /* Assets.xcassets */; };
		94CBD25A2C8FE21300748EF8 /* LaunchScreen.storyboard in Resources */ = {isa = PBXBuildFile; fileRef = 94CBD2582C8FE21300748EF8 /* LaunchScreen.storyboard */; };
		94CBD2CE2C8FE63000748EF8 /* hello.spx in Resources */ = {isa = PBXBuildFile; fileRef = 94CBD2CD2C8FE62F00748EF8 /* hello.spx */; };
/* End PBXBuildFile section */

/* Begin PBXFileReference section */
		1932DC4E98DE7D3AD8511EF7 /* Pods-OggSpeexDemo.release.xcconfig */ = {isa = PBXFileReference; includeInIndex = 1; lastKnownFileType = text.xcconfig; name = "Pods-OggSpeexDemo.release.xcconfig"; path = "Target Support Files/Pods-OggSpeexDemo/Pods-OggSpeexDemo.release.xcconfig"; sourceTree = "<group>"; };
		3B2B1202651CA06714C8B8F2 /* Pods-OggSpeexDemo.debug.xcconfig */ = {isa = PBXFileReference; includeInIndex = 1; lastKnownFileType = text.xcconfig; name = "Pods-OggSpeexDemo.debug.xcconfig"; path = "Target Support Files/Pods-OggSpeexDemo/Pods-OggSpeexDemo.debug.xcconfig"; sourceTree = "<group>"; };
		94CBD24A2C8FE21200748EF8 /* OggSpeexDemo.app */ = {isa = PBXFileReference; explicitFileType = wrapper.application; includeInIndex = 0; path = OggSpeexDemo.app; sourceTree = BUILT_PRODUCTS_DIR; };
		94CBD24D2C8FE21200748EF8 /* AppDelegate.swift */ = {isa = PBXFileReference; lastKnownFileType = sourcecode.swift; path = AppDelegate.swift; sourceTree = "<group>"; };
		94CBD24F2C8FE21200748EF8 /* SceneDelegate.swift */ = {isa = PBXFileReference; lastKnownFileType = sourcecode.swift; path = SceneDelegate.swift; sourceTree = "<group>"; };
		94CBD2512C8FE21200748EF8 /* ViewController.swift */ = {isa = PBXFileReference; lastKnownFileType = sourcecode.swift; path = ViewController.swift; sourceTree = "<group>"; };
		94CBD2542C8FE21200748EF8 /* Base */ = {isa = PBXFileReference; lastKnownFileType = file.storyboard; name = Base; path = Base.lproj/Main.storyboard; sourceTree = "<group>"; };
		94CBD2562C8FE21300748EF8 /* Assets.xcassets */ = {isa = PBXFileReference; lastKnownFileType = folder.assetcatalog; path = Assets.xcassets; sourceTree = "<group>"; };
		94CBD2592C8FE21300748EF8 /* Base */ = {isa = PBXFileReference; lastKnownFileType = file.storyboard; name = Base; path = Base.lproj/LaunchScreen.storyboard; sourceTree = "<group>"; };
		94CBD25B2C8FE21300748EF8 /* Info.plist */ = {isa = PBXFileReference; lastKnownFileType = text.plist.xml; path = Info.plist; sourceTree = "<group>"; };
		94CBD2CD2C8FE62F00748EF8 /* hello.spx */ = {isa = PBXFileReference; lastKnownFileType = file; path = hello.spx; sourceTree = "<group>"; };
		C7E62BADBBD33FA232649D4D /* Pods_OggSpeexDemo.framework */ = {isa = PBXFileReference; explicitFileType = wrapper.framework; includeInIndex = 0; path = Pods_OggSpeexDemo.framework; sourceTree = BUILT_PRODUCTS_DIR; };
/* End PBXFileReference section */

/* Begin PBXFrameworksBuildPhase section */
		94CBD2472C8FE21200748EF8 /* Frameworks */ = {
			isa = PBXFrameworksBuildPhase;
			buildActionMask = 2147483647;
			files = (
				3E70C84C5F523E7E9C5CFC20 /* Pods_OggSpeexDemo.framework in Frameworks */,
			);
			runOnlyForDeploymentPostprocessing = 0;
		};
/* End PBXFrameworksBuildPhase section */

/* Begin PBXGroup section */
		94CBD2412C8FE21200748EF8 = {
			isa = PBXGroup;
			children = (
				94CBD24C2C8FE21200748EF8 /* OggSpeexDemo */,
				94CBD24B2C8FE21200748EF8 /* Products */,
				DB3F53455B5E2388FBDFDB72 /* Pods */,
				F22F4299D37E092C930FABA2 /* Frameworks */,
			);
			sourceTree = "<group>";
		};
		94CBD24B2C8FE21200748EF8 /* Products */ = {
			isa = PBXGroup;
			children = (
				94CBD24A2C8FE21200748EF8 /* OggSpeexDemo.app */,
			);
			name = Products;
			sourceTree = "<group>";
		};
		94CBD24C2C8FE21200748EF8 /* OggSpeexDemo */ = {
			isa = PBXGroup;
			children = (
				94CBD24D2C8FE21200748EF8 /* AppDelegate.swift */,
				94CBD24F2C8FE21200748EF8 /* SceneDelegate.swift */,
				94CBD2512C8FE21200748EF8 /* ViewController.swift */,
				94CBD2532C8FE21200748EF8 /* Main.storyboard */,
				94CBD2CD2C8FE62F00748EF8 /* hello.spx */,
				94CBD2562C8FE21300748EF8 /* Assets.xcassets */,
				94CBD2582C8FE21300748EF8 /* LaunchScreen.storyboard */,
				94CBD25B2C8FE21300748EF8 /* Info.plist */,
			);
			path = OggSpeexDemo;
			sourceTree = "<group>";
		};
		DB3F53455B5E2388FBDFDB72 /* Pods */ = {
			isa = PBXGroup;
			children = (
				3B2B1202651CA06714C8B8F2 /* Pods-OggSpeexDemo.debug.xcconfig */,
				1932DC4E98DE7D3AD8511EF7 /* Pods-OggSpeexDemo.release.xcconfig */,
			);
			path = Pods;
			sourceTree = "<group>";
		};
		F22F4299D37E092C930FABA2 /* Frameworks */ = {
			isa = PBXGroup;
			children = (
				C7E62BADBBD33FA232649D4D /* Pods_OggSpeexDemo.framework */,
			);
			name = Frameworks;
			sourceTree = "<group>";
		};
/* End PBXGroup section */

/* Begin PBXNativeTarget section */
		94CBD2492C8FE21200748EF8 /* OggSpeexDemo */ = {
			isa = PBXNativeTarget;
			buildConfigurationList = 94CBD25E2C8FE21300748EF8 /* Build configuration list for PBXNativeTarget "OggSpeexDemo" */;
			buildPhases = (
				274CFED43F8A7EB46E2BA430 /* [CP] Check Pods Manifest.lock */,
				94CBD2462C8FE21200748EF8 /* Sources */,
				94CBD2472C8FE21200748EF8 /* Frameworks */,
				94CBD2482C8FE21200748EF8 /* Resources */,
				54778186D81B5522DA459F6A /* [CP] Embed Pods Frameworks */,
			);
			buildRules = (
			);
			dependencies = (
			);
			name = OggSpeexDemo;
			productName = OggSpeexDemo;
			productReference = 94CBD24A2C8FE21200748EF8 /* OggSpeexDemo.app */;
			productType = "com.apple.product-type.application";
		};
/* End PBXNativeTarget section */

/* Begin PBXProject section */
		94CBD2422C8FE21200748EF8 /* Project object */ = {
			isa = PBXProject;
			attributes = {
				BuildIndependentTargetsInParallel = 1;
				LastSwiftUpdateCheck = 1520;
				LastUpgradeCheck = 1520;
				TargetAttributes = {
					94CBD2492C8FE21200748EF8 = {
						CreatedOnToolsVersion = 15.2;
					};
				};
			};
			buildConfigurationList = 94CBD2452C8FE21200748EF8 /* Build configuration list for PBXProject "OggSpeexDemo" */;
			compatibilityVersion = "Xcode 14.0";
			developmentRegion = en;
			hasScannedForEncodings = 0;
			knownRegions = (
				en,
				Base,
			);
			mainGroup = 94CBD2412C8FE21200748EF8;
			productRefGroup = 94CBD24B2C8FE21200748EF8 /* Products */;
			projectDirPath = "";
			projectRoot = "";
			targets = (
				94CBD2492C8FE21200748EF8 /* OggSpeexDemo */,
			);
		};
/* End PBXProject section */

/* Begin PBXResourcesBuildPhase section */
		94CBD2482C8FE21200748EF8 /* Resources */ = {
			isa = PBXResourcesBuildPhase;
			buildActionMask = 2147483647;
			files = (
				94CBD25A2C8FE21300748EF8 /* LaunchScreen.storyboard in Resources */,
				94CBD2572C8FE21300748EF8 /* Assets.xcassets in Resources */,
				94CBD2CE2C8FE63000748EF8 /* hello.spx in Resources */,
				94CBD2552C8FE21200748EF8 /* Main.storyboard in Resources */,
			);
			runOnlyForDeploymentPostprocessing = 0;
		};
/* End PBXResourcesBuildPhase section */

/* Begin PBXShellScriptBuildPhase section */
		274CFED43F8A7EB46E2BA430 /* [CP] Check Pods Manifest.lock */ = {
			isa = PBXShellScriptBuildPhase;
			buildActionMask = 2147483647;
			files = (
			);
			inputFileListPaths = (
			);
			inputPaths = (
				"${PODS_PODFILE_DIR_PATH}/Podfile.lock",
				"${PODS_ROOT}/Manifest.lock",
			);
			name = "[CP] Check Pods Manifest.lock";
			outputFileListPaths = (
			);
			outputPaths = (
				"$(DERIVED_FILE_DIR)/Pods-OggSpeexDemo-checkManifestLockResult.txt",
			);
			runOnlyForDeploymentPostprocessing = 0;
			shellPath = /bin/sh;
			shellScript = "diff \"${PODS_PODFILE_DIR_PATH}/Podfile.lock\" \"${PODS_ROOT}/Manifest.lock\" > /dev/null\nif [ $? != 0 ] ; then\n    # print error to STDERR\n    echo \"error: The sandbox is not in sync with the Podfile.lock. Run 'pod install' or update your CocoaPods installation.\" >&2\n    exit 1\nfi\n# This output is used by Xcode 'outputs' to avoid re-running this script phase.\necho \"SUCCESS\" > \"${SCRIPT_OUTPUT_FILE_0}\"\n";
			showEnvVarsInLog = 0;
		};
		54778186D81B5522DA459F6A /* [CP] Embed Pods Frameworks */ = {
			isa = PBXShellScriptBuildPhase;
			buildActionMask = 2147483647;
			files = (
			);
			inputFileListPaths = (
				"${PODS_ROOT}/Target Support Files/Pods-OggSpeexDemo/Pods-OggSpeexDemo-frameworks-${CONFIGURATION}-input-files.xcfilelist",
			);
			name = "[CP] Embed Pods Frameworks";
			outputFileListPaths = (
				"${PODS_ROOT}/Target Support Files/Pods-OggSpeexDemo/Pods-OggSpeexDemo-frameworks-${CONFIGURATION}-output-files.xcfilelist",
			);
			runOnlyForDeploymentPostprocessing = 0;
			shellPath = /bin/sh;
			shellScript = "\"${PODS_ROOT}/Target Support Files/Pods-OggSpeexDemo/Pods-OggSpeexDemo-frameworks.sh\"\n";
			showEnvVarsInLog = 0;
		};
/* End PBXShellScriptBuildPhase section */

/* Begin PBXSourcesBuildPhase section */
		94CBD2462C8FE21200748EF8 /* Sources */ = {
			isa = PBXSourcesBuildPhase;
			buildActionMask = 2147483647;
			files = (
				94CBD2522C8FE21200748EF8 /* ViewController.swift in Sources */,
				94CBD24E2C8FE21200748EF8 /* AppDelegate.swift in Sources */,
				94CBD2502C8FE21200748EF8 /* SceneDelegate.swift in Sources */,
			);
			runOnlyForDeploymentPostprocessing = 0;
		};
/* End PBXSourcesBuildPhase section */

/* Begin PBXVariantGroup section */
		94CBD2532C8FE21200748EF8 /* Main.storyboard */ = {
			isa = PBXVariantGroup;
			children = (
				94CBD2542C8FE21200748EF8 /* Base */,
			);
			name = Main.storyboard;
			sourceTree = "<group>";
		};
		94CBD2582C8FE21300748EF8 /* LaunchScreen.storyboard */ = {
			isa = PBXVariantGroup;
			children = (
				94CBD2592C8FE21300748EF8 /* Base */,
			);
			name = LaunchScreen.storyboard;
			sourceTree = "<group>";
		};
/* End PBXVariantGroup section */

/* Begin XCBuildConfiguration section */
		94CBD25C2C8FE21300748EF8 /* Debug */ = {
			isa = XCBuildConfiguration;
			buildSettings = {
				ALWAYS_SEARCH_USER_PATHS = NO;
				ASSETCATALOG_COMPILER_GENERATE_SWIFT_ASSET_SYMBOL_EXTENSIONS = YES;
				CLANG_ANALYZER_NONNULL = YES;
				CLANG_ANALYZER_NUMBER_OBJECT_CONVERSION = YES_AGGRESSIVE;
				CLANG_CXX_LANGUAGE_STANDARD = "gnu++20";
				CLANG_ENABLE_MODULES = YES;
				CLANG_ENABLE_OBJC_ARC = YES;
				CLANG_ENABLE_OBJC_WEAK = YES;
				CLANG_WARN_BLOCK_CAPTURE_AUTORELEASING = YES;
				CLANG_WARN_BOOL_CONVERSION = YES;
				CLANG_WARN_COMMA = YES;
				CLANG_WARN_CONSTANT_CONVERSION = YES;
				CLANG_WARN_DEPRECATED_OBJC_IMPLEMENTATIONS = YES;
				CLANG_WARN_DIRECT_OBJC_ISA_USAGE = YES_ERROR;
				CLANG_WARN_DOCUMENTATION_COMMENTS = YES;
				CLANG_WARN_EMPTY_BODY = YES;
				CLANG_WARN_ENUM_CONVERSION = YES;
				CLANG_WARN_INFINITE_RECURSION = YES;
				CLANG_WARN_INT_CONVERSION = YES;
				CLANG_WARN_NON_LITERAL_NULL_CONVERSION = YES;
				CLANG_WARN_OBJC_IMPLICIT_RETAIN_SELF = YES;
				CLANG_WARN_OBJC_LITERAL_CONVERSION = YES;
				CLANG_WARN_OBJC_ROOT_CLASS = YES_ERROR;
				CLANG_WARN_QUOTED_INCLUDE_IN_FRAMEWORK_HEADER = YES;
				CLANG_WARN_RANGE_LOOP_ANALYSIS = YES;
				CLANG_WARN_STRICT_PROTOTYPES = YES;
				CLANG_WARN_SUSPICIOUS_MOVE = YES;
				CLANG_WARN_UNGUARDED_AVAILABILITY = YES_AGGRESSIVE;
				CLANG_WARN_UNREACHABLE_CODE = YES;
				CLANG_WARN__DUPLICATE_METHOD_MATCH = YES;
				COPY_PHASE_STRIP = NO;
				DEBUG_INFORMATION_FORMAT = dwarf;
				ENABLE_STRICT_OBJC_MSGSEND = YES;
				ENABLE_TESTABILITY = YES;
				ENABLE_USER_SCRIPT_SANDBOXING = YES;
				GCC_C_LANGUAGE_STANDARD = gnu17;
				GCC_DYNAMIC_NO_PIC = NO;
				GCC_NO_COMMON_BLOCKS = YES;
				GCC_OPTIMIZATION_LEVEL = 0;
				GCC_PREPROCESSOR_DEFINITIONS = (
					"DEBUG=1",
					"$(inherited)",
				);
				GCC_WARN_64_TO_32_BIT_CONVERSION = YES;
				GCC_WARN_ABOUT_RETURN_TYPE = YES_ERROR;
				GCC_WARN_UNDECLARED_SELECTOR = YES;
				GCC_WARN_UNINITIALIZED_AUTOS = YES_AGGRESSIVE;
				GCC_WARN_UNUSED_FUNCTION = YES;
				GCC_WARN_UNUSED_VARIABLE = YES;
				IPHONEOS_DEPLOYMENT_TARGET = 13.0;
				LOCALIZATION_PREFERS_STRING_CATALOGS = YES;
				MTL_ENABLE_DEBUG_INFO = INCLUDE_SOURCE;
				MTL_FAST_MATH = YES;
				ONLY_ACTIVE_ARCH = YES;
				SDKROOT = iphoneos;
				SWIFT_ACTIVE_COMPILATION_CONDITIONS = "DEBUG $(inherited)";
				SWIFT_OPTIMIZATION_LEVEL = "-Onone";
			};
			name = Debug;
		};
		94CBD25D2C8FE21300748EF8 /* Release */ = {
			isa = XCBuildConfiguration;
			buildSettings = {
				ALWAYS_SEARCH_USER_PATHS = NO;
				ASSETCATALOG_COMPILER_GENERATE_SWIFT_ASSET_SYMBOL_EXTENSIONS = YES;
				CLANG_ANALYZER_NONNULL = YES;
				CLANG_ANALYZER_NUMBER_OBJECT_CONVERSION = YES_AGGRESSIVE;
				CLANG_CXX_LANGUAGE_STANDARD = "gnu++20";
				CLANG_ENABLE_MODULES = YES;
				CLANG_ENABLE_OBJC_ARC = YES;
				CLANG_ENABLE_OBJC_WEAK = YES;
				CLANG_WARN_BLOCK_CAPTURE_AUTORELEASING = YES;
				CLANG_WARN_BOOL_CONVERSION = YES;
				CLANG_WARN_COMMA = YES;
				CLANG_WARN_CONSTANT_CONVERSION = YES;
				CLANG_WARN_DEPRECATED_OBJC_IMPLEMENTATIONS = YES;
				CLANG_WARN_DIRECT_OBJC_ISA_USAGE = YES_ERROR;
				CLANG_WARN_DOCUMENTATION_COMMENTS = YES;
				CLANG_WARN_EMPTY_BODY = YES;
				CLANG_WARN_ENUM_CONVERSION = YES;
				CLANG_WARN_INFINITE_RECURSION = YES;
				CLANG_WARN_INT_CONVERSION = YES;
				CLANG_WARN_NON_LITERAL_NULL_CONVERSION = YES;
				CLANG_WARN_OBJC_IMPLICIT_RETAIN_SELF = YES;
				CLANG_WARN_OBJC_LITERAL_CONVERSION = YES;
				CLANG_WARN_OBJC_ROOT_CLASS = YES_ERROR;
				CLANG_WARN_QUOTED_INCLUDE_IN_FRAMEWORK_HEADER = YES;
				CLANG_WARN_RANGE_LOOP_ANALYSIS = YES;
				CLANG_WARN_STRICT_PROTOTYPES = YES;
				CLANG_WARN_SUSPICIOUS_MOVE = YES;
				CLANG_WARN_UNGUARDED_AVAILABILITY = YES_AGGRESSIVE;
				CLANG_WARN_UNREACHABLE_CODE = YES;
				CLANG_WARN__DUPLICATE_METHOD_MATCH = YES;
				COPY_PHASE_STRIP = NO;
				DEBUG_INFORMATION_FORMAT = "dwarf-with-dsym";
				ENABLE_NS_ASSERTIONS = NO;
				ENABLE_STRICT_OBJC_MSGSEND = YES;
				ENABLE_USER_SCRIPT_SANDBOXING = YES;
				GCC_C_LANGUAGE_STANDARD = gnu17;
				GCC_NO_COMMON_BLOCKS = YES;
				GCC_WARN_64_TO_32_BIT_CONVERSION = YES;
				GCC_WARN_ABOUT_RETURN_TYPE = YES_ERROR;
				GCC_WARN_UNDECLARED_SELECTOR = YES;
				GCC_WARN_UNINITIALIZED_AUTOS = YES_AGGRESSIVE;
				GCC_WARN_UNUSED_FUNCTION = YES;
				GCC_WARN_UNUSED_VARIABLE = YES;
				IPHONEOS_DEPLOYMENT_TARGET = 13.0;
				LOCALIZATION_PREFERS_STRING_CATALOGS = YES;
				MTL_ENABLE_DEBUG_INFO = NO;
				MTL_FAST_MATH = YES;
				SDKROOT = iphoneos;
				SWIFT_COMPILATION_MODE = wholemodule;
				VALIDATE_PRODUCT = YES;
			};
			name = Release;
		};
		94CBD25F2C8FE21300748EF8 /* Debug */ = {
			isa = XCBuildConfiguration;
			baseConfigurationReference = 3B2B1202651CA06714C8B8F2 /* Pods-OggSpeexDemo.debug.xcconfig */;
			buildSettings = {
				ASSETCATALOG_COMPILER_APPICON_NAME = AppIcon;
				ASSETCATALOG_COMPILER_GLOBAL_ACCENT_COLOR_NAME = AccentColor;
				CLANG_CXX_LANGUAGE_STANDARD = "gnu++20";
				CODE_SIGN_STYLE = Automatic;
				CURRENT_PROJECT_VERSION = 1;
				DEVELOPMENT_TEAM = 8HN8D47M97;
				ENABLE_USER_SCRIPT_SANDBOXING = NO;
				GENERATE_INFOPLIST_FILE = YES;
				INFOPLIST_FILE = OggSpeexDemo/Info.plist;
				INFOPLIST_KEY_UIApplicationSupportsIndirectInputEvents = YES;
				INFOPLIST_KEY_UILaunchStoryboardName = LaunchScreen.storyboard;
				INFOPLIST_KEY_UIMainStoryboardFile = Main;
				INFOPLIST_KEY_UISupportedInterfaceOrientations_iPad = "UIInterfaceOrientationPortrait UIInterfaceOrientationPortraitUpsideDown UIInterfaceOrientationLandscapeLeft UIInterfaceOrientationLandscapeRight";
				INFOPLIST_KEY_UISupportedInterfaceOrientations_iPhone = "UIInterfaceOrientationPortrait UIInterfaceOrientationLandscapeLeft UIInterfaceOrientationLandscapeRight";
				LD_RUNPATH_SEARCH_PATHS = (
					"$(inherited)",
					"@executable_path/Frameworks",
				);
				MARKETING_VERSION = 1.0;
				PRODUCT_BUNDLE_IDENTIFIER = com.ryan.OggSpeexDemo;
				PRODUCT_NAME = "$(TARGET_NAME)";
				SWIFT_EMIT_LOC_STRINGS = YES;
				SWIFT_VERSION = 5.0;
				TARGETED_DEVICE_FAMILY = "1,2";
			};
			name = Debug;
		};
		94CBD2602C8FE21300748EF8 /* Release */ = {
			isa = XCBuildConfiguration;
			baseConfigurationReference = 1932DC4E98DE7D3AD8511EF7 /* Pods-OggSpeexDemo.release.xcconfig */;
			buildSettings = {
				ASSETCATALOG_COMPILER_APPICON_NAME = AppIcon;
				ASSETCATALOG_COMPILER_GLOBAL_ACCENT_COLOR_NAME = AccentColor;
				CLANG_CXX_LANGUAGE_STANDARD = "gnu++20";
				CODE_SIGN_STYLE = Automatic;
				CURRENT_PROJECT_VERSION = 1;
				DEVELOPMENT_TEAM = 8HN8D47M97;
				ENABLE_USER_SCRIPT_SANDBOXING = NO;
				GENERATE_INFOPLIST_FILE = YES;
				INFOPLIST_FILE = OggSpeexDemo/Info.plist;
				INFOPLIST_KEY_UIApplicationSupportsIndirectInputEvents = YES;
				INFOPLIST_KEY_UILaunchStoryboardName = LaunchScreen.storyboard;
				INFOPLIST_KEY_UIMainStoryboardFile = Main;
				INFOPLIST_KEY_UISupportedInterfaceOrientations_iPad = "UIInterfaceOrientationPortrait UIInterfaceOrientationPortraitUpsideDown UIInterfaceOrientationLandscapeLeft UIInterfaceOrientationLandscapeRight";
				INFOPLIST_KEY_UISupportedInterfaceOrientations_iPhone = "UIInterfaceOrientationPortrait UIInterfaceOrientationLandscapeLeft UIInterfaceOrientationLandscapeRight";
				LD_RUNPATH_SEARCH_PATHS = (
					"$(inherited)",
					"@executable_path/Frameworks",
				);
				MARKETING_VERSION = 1.0;
				PRODUCT_BUNDLE_IDENTIFIER = com.ryan.OggSpeexDemo;
				PRODUCT_NAME = "$(TARGET_NAME)";
				SWIFT_EMIT_LOC_STRINGS = YES;
				SWIFT_VERSION = 5.0;
				TARGETED_DEVICE_FAMILY = "1,2";
			};
			name = Release;
		};
/* End XCBuildConfiguration section */

/* Begin XCConfigurationList section */
		94CBD2452C8FE21200748EF8 /* Build configuration list for PBXProject "OggSpeexDemo" */ = {
			isa = XCConfigurationList;
			buildConfigurations = (
				94CBD25C2C8FE21300748EF8 /* Debug */,
				94CBD25D2C8FE21300748EF8 /* Release */,
			);
			defaultConfigurationIsVisible = 0;
			defaultConfigurationName = Release;
		};
		94CBD25E2C8FE21300748EF8 /* Build configuration list for PBXNativeTarget "OggSpeexDemo" */ = {
			isa = XCConfigurationList;
			buildConfigurations = (
				94CBD25F2C8FE21300748EF8 /* Debug */,
				94CBD2602C8FE21300748EF8 /* Release */,
			);
			defaultConfigurationIsVisible = 0;
			defaultConfigurationName = Release;
		};
/* End XCConfigurationList section */
	};
	rootObject = 94CBD2422C8FE21200748EF8 /* Project object */;
}
